{
  "name": "benchmark-auwgent-json",
  "lockfileVersion": 3,
  "requires": true,
  "packages": {
    "": {
      "name": "benchmark-auwgent-json",
      "dependencies": {
        "@ai-sdk/groq": "^3.0.39",
        "@ai-sdk/openai": "^3.0.63",
        "@ai-sdk/openai-compatible": "^2.0.47",
        "@snrraptopack/auwgent-sdk": "^0.1.0-alpha.39",
        "ai": "^6.0.177",
        "zod": "^3.25.76"
      },
      "devDependencies": {
        "@types/bun": "latest"
      },
      "peerDependencies": {
        "typescript": "^5.9.3"
      }
    },
    "node_modules/@ai-sdk/gateway": {
      "version": "3.0.112",
      "license": "Apache-2.0",
      "dependencies": {
        "@ai-sdk/provider": "3.0.10",
        "@ai-sdk/provider-utils": "4.0.27",
        "@vercel/oidc": "3.2.0"
      },
      "engines": {
        "node": ">=18"
      },
      "peerDependencies": {
        "zod": "^3.25.76 || ^4.1.8"
      }
    },
    "node_modules/@ai-sdk/groq": {
      "version": "3.0.39",
      "license": "Apache-2.0",
      "dependencies": {
        "@ai-sdk/provider": "3.0.10",
        "@ai-sdk/provider-utils": "4.0.27"
      },
      "engines": {
        "node": ">=18"
      },
      "peerDependencies": {
        "zod": "^3.25.76 || ^4.1.8"
      }
    },
    "node_modules/@ai-sdk/openai": {
      "version": "3.0.63",
      "license": "Apache-2.0",
      "dependencies": {
        "@ai-sdk/provider": "3.0.10",
        "@ai-sdk/provider-utils": "4.0.27"
      },
      "engines": {
        "node": ">=18"
      },
      "peerDependencies": {
        "zod": "^3.25.76 || ^4.1.8"
      }
    },
    "node_modules/@ai-sdk/openai-compatible": {
      "version": "2.0.47",
      "license": "Apache-2.0",
      "dependencies": {
        "@ai-sdk/provider": "3.0.10",
        "@ai-sdk/provider-utils": "4.0.27"
      },
      "engines": {
        "node": ">=18"
      },
      "peerDependencies": {
        "zod": "^3.25.76 || ^4.1.8"
      }
    },
    "node_modules/@ai-sdk/provider": {
      "version": "3.0.10",
      "license": "Apache-2.0",
      "dependencies": {
        "json-schema": "^0.4.0"
      },
      "engines": {
        "node": ">=18"
      }
    },
    "node_modules/@ai-sdk/provider-utils": {
      "version": "4.0.27",
      "license": "Apache-2.0",
      "dependencies": {
        "@ai-sdk/provider": "3.0.10",
        "@standard-schema/spec": "^1.1.0",
        "eventsource-parser": "^3.0.8"
      },
      "engines": {
        "node": ">=18"
      },
      "peerDependencies": {
        "zod": "^3.25.76 || ^4.1.8"
      }
    },
    "node_modules/@opentelemetry/api": {
      "version": "1.9.0",
      "license": "Apache-2.0",
      "engines": {
        "node": ">=8.0.0"
      }
    },
    "node_modules/@snrraptopack/auwgent-sdk": {
      "version": "0.1.0-alpha.39",
      "resolved": "https://registry.npmjs.org/@snrraptopack/auwgent-sdk/-/auwgent-sdk-0.1.0-alpha.39.tgz",
      "integrity": "sha512-qTUH3Kz2/hXiJR0XQzgPvR4J+QC4bv5qN6KLK8kBZtG+PEY/H7CQ5/CnTKP/IyV5k+Jpak1wew8fZsZBigSDtA==",
      "license": "MIT",
      "optionalDependencies": {
        "@snrraptopack/auwgent-sdk-darwin-arm64": "0.1.0-alpha.39",
        "@snrraptopack/auwgent-sdk-darwin-x64": "0.1.0-alpha.39",
        "@snrraptopack/auwgent-sdk-linux-x64-gnu": "0.1.0-alpha.39",
        "@snrraptopack/auwgent-sdk-win32-x64-msvc": "0.1.0-alpha.39"
      },
      "peerDependencies": {
        "typescript": "^5"
      }
    },
    "node_modules/@snrraptopack/auwgent-sdk-darwin-arm64": {
      "version": "0.1.0-alpha.39",
      "resolved": "https://registry.npmjs.org/@snrraptopack/auwgent-sdk-darwin-arm64/-/auwgent-sdk-darwin-arm64-0.1.0-alpha.39.tgz",
      "integrity": "sha512-4nRnpcYE/rJnuPVpi7CKP+OfqbTtEpygWDFPRA7QSYjTUnNshyAi64RiG8cfD1R2LBEf6ZhPUkfcgHLoIezGlg==",
      "cpu": [
        "arm64"
      ],
      "optional": true,
      "os": [
        "darwin"
      ]
    },
    "node_modules/@snrraptopack/auwgent-sdk-darwin-x64": {
      "version": "0.1.0-alpha.39",
      "resolved": "https://registry.npmjs.org/@snrraptopack/auwgent-sdk-darwin-x64/-/auwgent-sdk-darwin-x64-0.1.0-alpha.39.tgz",
      "integrity": "sha512-XQzl4dvFCofsXwHgJsbWb0X7UJ3KMGzfWhOG6uEtB2OlIKaejqGH4410sD4kZck912RkAn8nMbDUk7u5CTOhwg==",
      "cpu": [
        "x64"
      ],
      "optional": true,
      "os": [
        "darwin"
      ]
    },
    "node_modules/@snrraptopack/auwgent-sdk-linux-x64-gnu": {
      "version": "0.1.0-alpha.39",
      "resolved": "https://registry.npmjs.org/@snrraptopack/auwgent-sdk-linux-x64-gnu/-/auwgent-sdk-linux-x64-gnu-0.1.0-alpha.39.tgz",
      "integrity": "sha512-f0JkqvUYZM4ST+hZaBOljJOk+2hlxf1tGyhyNGApJ/bzSmqPIIeIEu1YX8OidM86ImMi+gvqWMufODavz8gk+Q==",
      "cpu": [
        "x64"
      ],
      "optional": true,
      "os": [
        "linux"
      ]
    },
    "node_modules/@snrraptopack/auwgent-sdk-win32-x64-msvc": {
      "version": "0.1.0-alpha.39",
      "cpu": [
        "x64"
      ],
      "optional": true,
      "os": [
        "win32"
      ]
    },
    "node_modules/@standard-schema/spec": {
      "version": "1.1.0",
      "license": "MIT"
    },
    "node_modules/@types/bun": {
      "version": "1.3.13",
      "resolved": "https://registry.npmjs.org/@types/bun/-/bun-1.3.13.tgz",
      "integrity": "sha512-9fqXWk5YIHGGnUau9TEi+qdlTYDAnOj+xLCmSTwXfAIqXr2x4tytJb43E9uCvt09zJURKXwAtkoH4nLQfzeTXw==",
      "dev": true,
      "license": "MIT",
      "dependencies": {
        "bun-types": "1.3.13"
      }
    },
    "node_modules/@types/node": {
      "version": "25.6.0",
      "dev": true,
      "license": "MIT",
      "dependencies": {
        "undici-types": "~7.19.0"
      }
    },
    "node_modules/@vercel/oidc": {
      "version": "3.2.0",
      "license": "Apache-2.0",
      "engines": {
        "node": ">= 20"
      }
    },
    "node_modules/ai": {
      "version": "6.0.177",
      "license": "Apache-2.0",
      "dependencies": {
        "@ai-sdk/gateway": "3.0.112",
        "@ai-sdk/provider": "3.0.10",
        "@ai-sdk/provider-utils": "4.0.27",
        "@opentelemetry/api": "1.9.0"
      },
      "engines": {
        "node": ">=18"
      },
      "peerDependencies": {
        "zod": "^3.25.76 || ^4.1.8"
      }
    },
    "node_modules/bun-types": {
      "version": "1.3.13",
      "dev": true,
      "license": "MIT",
      "dependencies": {
        "@types/node": "*"
      }
    },
    "node_modules/eventsource-parser": {
      "version": "3.0.8",
      "license": "MIT",
      "engines": {
        "node": ">=18.0.0"
      }
    },
    "node_modules/json-schema": {
      "version": "0.4.0",
      "license": "(AFL-2.1 OR BSD-3-Clause)"
    },
    "node_modules/typescript": {
      "version": "5.9.3",
      "license": "Apache-2.0",
      "peer": true,
      "bin": {
        "tsc": "bin/tsc",
        "tsserver": "bin/tsserver"
      },
      "engines": {
        "node": ">=14.17"
      }
    },
    "node_modules/undici-types": {
      "version": "7.19.2",
      "dev": true,
      "license": "MIT"
    },
    "node_modules/zod": {
      "version": "3.25.76",
      "license": "MIT",
      "funding": {
        "url": "https://github.com/sponsors/colinhacks"
      }
    }
  }
}
